<?xml version="1.0" encoding="utf-8"?>
<Project ToolsVersion="4.0" xmlns="http://schemas.microsoft.com/developer/msbuild/2003">
  <ItemGroup>
    <Filter Include="소스 파일">
      <UniqueIdentifier>{4FC737F1-C7A5-4376-A066-2A32D752A2FF}</UniqueIdentifier>
      <Extensions>cpp;c;cc;cxx;c++;cppm;ixx;def;odl;idl;hpj;bat;asm;asmx</Extensions>
    </Filter>
    <Filter Include="헤더 파일">
      <UniqueIdentifier>{93995380-89BD-4b04-88EB-625FBE52EBFB}</UniqueIdentifier>
      <Extensions>h;hh;hpp;hxx;h++;hm;inl;inc;ipp;xsd</Extensions>
    </Filter>
    <Filter Include="리소스 파일">
      <UniqueIdentifier>{67DA6AB6-F800-4c08-8B7A-83BB121AAD01}</UniqueIdentifier>
      <Extensions>rc;ico;cur;bmp;dlg;rc2;rct;bin;rgs;gif;jpg;jpeg;jpe;resx;tiff;tif;png;wav;mfcribbon-ms</Extensions>
    </Filter>
  </ItemGroup>
  <ItemGroup>
    <ClCompile Include="day01_1.cpp">
      <Filter>소스 파일</Filter>
    </ClCompile>
    <ClCompile Include="day01_2.cpp">
      <Filter>소스 파일</Filter>
    </ClCompile>
    <ClCompile Include="day01_3.cpp">
      <Filter>소스 파일</Filter>
    </ClCompile>
    <ClCompile Include="day01_4.cpp">
      <Filter>소스 파일</Filter>
    </ClCompile>
    <ClCompile Include="day01_5.cpp">
      <Filter>소스 파일</Filter>
    </ClCompile>
    <ClCompile Include="day01_6.cpp">
      <Filter>소스 파일</Filter>
    </ClCompile>
    <ClCompile Include="day01_7.cpp">
      <Filter>소스 파일</Filter>
    </ClCompile>
    <ClCompile Include="day01_8.cpp">
      <Filter>소스 파일</Filter>
    </ClCompile>
    <ClCompile Include="day01_9.cpp">
      <Filter>소스 파일</Filter>
    </ClCompile>
    <ClCompile Include="day02_1.cpp">
      <Filter>소스 파일</Filter>
    </ClCompile>
    <ClCompile Include="day02_2.cpp">
      <Filter>소스 파일</Filter>
    </ClCompile>
    <ClCompile Include="day02_3.cpp">
      <Filter>소스 파일</Filter>
    </ClCompile>
    <ClCompile Include="day02_4.cpp">
      <Filter>소스 파일</Filter>
    </ClCompile>
    <ClCompile Include="day02_5.cpp">
      <Filter>소스 파일</Filter>
    </ClCompile>
    <ClCompile Include="day02_exercise_1.cpp">
      <Filter>소스 파일</Filter>
    </ClCompile>
    <ClCompile Include="day02_exercise_2.cpp">
      <Filter>소스 파일</Filter>
    </ClCompile>
    <ClCompile Include="day02_exercise_3.cpp">
      <Filter>소스 파일</Filter>
    </ClCompile>
    <ClCompile Include="day02_exercise_4.cpp">
      <Filter>소스 파일</Filter>
    </ClCompile>
    <ClCompile Include="day02_exercise_6.cpp">
      <Filter>소스 파일</Filter>
    </ClCompile>
    <ClCompile Include="day02_exercise_5.cpp">
      <Filter>소스 파일</Filter>
    </ClCompile>
    <ClCompile Include="동전노래방.cpp">
      <Filter>소스 파일</Filter>
    </ClCompile>
    <ClCompile Include="day02_6.cpp">
      <Filter>소스 파일</Filter>
    </ClCompile>
    <ClCompile Include="동전노래방(강사님).cpp">
      <Filter>소스 파일</Filter>
    </ClCompile>
    <ClCompile Include="day03_1.cpp">
      <Filter>소스 파일</Filter>
    </ClCompile>
    <ClCompile Include="day03_exercise_1.cpp">
      <Filter>소스 파일</Filter>
    </ClCompile>
    <ClCompile Include="day03_2.cpp">
      <Filter>소스 파일</Filter>
    </ClCompile>
    <ClCompile Include="day03_exercise_2.cpp">
      <Filter>소스 파일</Filter>
    </ClCompile>
    <ClCompile Include="day03_exercise_11.cpp">
      <Filter>소스 파일</Filter>
    </ClCompile>
    <ClCompile Include="day03_exercise_12.cpp">
      <Filter>소스 파일</Filter>
    </ClCompile>
    <ClCompile Include="day03_3.cpp">
      <Filter>소스 파일</Filter>
    </ClCompile>
    <ClCompile Include="day03_exercise_11_2.cpp">
      <Filter>소스 파일</Filter>
    </ClCompile>
    <ClCompile Include="day03_4.cpp">
      <Filter>소스 파일</Filter>
    </ClCompile>
    <ClCompile Include="day03_exercise_14.cpp">
      <Filter>소스 파일</Filter>
    </ClCompile>
    <ClCompile Include="day03_5.cpp">
      <Filter>소스 파일</Filter>
    </ClCompile>
    <ClCompile Include="day04_1.cpp">
      <Filter>소스 파일</Filter>
    </ClCompile>
    <ClCompile Include="day04_2.cpp">
      <Filter>소스 파일</Filter>
    </ClCompile>
    <ClCompile Include="day04_3.cpp">
      <Filter>소스 파일</Filter>
    </ClCompile>
    <ClCompile Include="day04_4.cpp">
      <Filter>소스 파일</Filter>
    </ClCompile>
    <ClCompile Include="day04_5.cpp">
      <Filter>소스 파일</Filter>
    </ClCompile>
    <ClCompile Include="day04_6.cpp">
      <Filter>소스 파일</Filter>
    </ClCompile>
    <ClCompile Include="day04_7.cpp">
      <Filter>소스 파일</Filter>
    </ClCompile>
  </ItemGroup>
</Project>